
Microsoft Visual Studio Solution File, Format Version 11.00
# Visual Studio 2010
Project("{FAE04EC0-301F-11D3-BF4B-00C04F79EFBC}") = "HauntedHouseCrashers", "HauntedHouseCrashers\HauntedHouseCrashers\HauntedHouseCrashers.csproj", "{4B6470D6-BF5F-4995-91FF-C869C5A26E35}"
EndProject
Project("{96E2B04D-8817-42C6-938A-82C39BA4D311}") = "HauntedHouseCrashersContent", "HauntedHouseCrashers\HauntedHouseCrashersContent\HauntedHouseCrashersContent.contentproj", "{920122E4-380B-4A7A-BF68-3B7D2C88111A}"
EndProject
Global
	GlobalSection(SolutionConfigurationPlatforms) = preSolution
		Debug|x86 = Debug|x86
		Release|x86 = Release|x86
	EndGlobalSection
	GlobalSection(ProjectConfigurationPlatforms) = postSolution
		{4B6470D6-BF5F-4995-91FF-C869C5A26E35}.Debug|x86.ActiveCfg = Debug|x86
		{4B6470D6-BF5F-4995-91FF-C869C5A26E35}.Debug|x86.Build.0 = Debug|x86
		{4B6470D6-BF5F-4995-91FF-C869C5A26E35}.Release|x86.ActiveCfg = Release|x86
		{4B6470D6-BF5F-4995-91FF-C869C5A26E35}.Release|x86.Build.0 = Release|x86
		{920122E4-380B-4A7A-BF68-3B7D2C88111A}.Debug|x86.ActiveCfg = Debug|x86
		{920122E4-380B-4A7A-BF68-3B7D2C88111A}.Release|x86.ActiveCfg = Release|x86
	EndGlobalSection
	GlobalSection(SolutionProperties) = preSolution
		HideSolutionNode = FALSE
	EndGlobalSection
EndGlobal
